
Microsoft Visual Studio Solution File, Format Version 12.00
# Visual Studio Version 17
VisualStudioVersion = 17.11.35222.181
MinimumVisualStudioVersion = 10.0.40219.1
Project("{FAE04EC0-301F-11D3-BF4B-00C04F79EFBC}") = "RebbitWebApi", "RebbitWebApi\RebbitWebApi.csproj", "{CC0E7FA0-C089-46FB-90A6-BA5F7B96F9EE}"
EndProject
Global
	GlobalSection(SolutionConfigurationPlatforms) = preSolution
		Debug|Any CPU = Debug|Any CPU
		Release|Any CPU = Release|Any CPU
	EndGlobalSection
	GlobalSection(ProjectConfigurationPlatforms) = postSolution
		{CC0E7FA0-C089-46FB-90A6-BA5F7B96F9EE}.Debug|Any CPU.ActiveCfg = Debug|Any CPU
		{CC0E7FA0-C089-46FB-90A6-BA5F7B96F9EE}.Debug|Any CPU.Build.0 = Debug|Any CPU
		{CC0E7FA0-C089-46FB-90A6-BA5F7B96F9EE}.Release|Any CPU.ActiveCfg = Release|Any CPU
		{CC0E7FA0-C089-46FB-90A6-BA5F7B96F9EE}.Release|Any CPU.Build.0 = Release|Any CPU
	EndGlobalSection
	GlobalSection(SolutionProperties) = preSolution
		HideSolutionNode = FALSE
	EndGlobalSection
	GlobalSection(ExtensibilityGlobals) = postSolution
		SolutionGuid = {35F04874-AD69-4311-8982-39A93B1825B0}
	EndGlobalSection
EndGlobal
